
Microsoft Visual Studio Solution File, Format Version 12.00
# Visual Studio Version 17
VisualStudioVersion = 17.1.32210.238
MinimumVisualStudioVersion = 10.0.40219.1
Project("{FAE04EC0-301F-11D3-BF4B-00C04F79EFBC}") = "FrontendWPF", "FrontendWPF\FrontendWPF.csproj", "{3B8176D2-E3F5-492A-9D44-510FD26BEF9B}"
EndProject
Project("{54435603-DBB4-11D2-8724-00A0C9A8B90C}") = "FrontendWPFSetup", "FrontendWPFSetup\FrontendWPFSetup.vdproj", "{CAB9488F-21C0-479C-9AB2-D47DABC90AF9}"
EndProject
Project("{FAE04EC0-301F-11D3-BF4B-00C04F79EFBC}") = "FrontendWPFTests", "FrontendWPFTests\FrontendWPFTests.csproj", "{A09FE75C-D66E-44E2-8976-406A6AF83A0E}"
EndProject
Global
	GlobalSection(SolutionConfigurationPlatforms) = preSolution
		Debug|Any CPU = Debug|Any CPU
		Release|Any CPU = Release|Any CPU
	EndGlobalSection
	GlobalSection(ProjectConfigurationPlatforms) = postSolution
		{3B8176D2-E3F5-492A-9D44-510FD26BEF9B}.Debug|Any CPU.ActiveCfg = Debug|Any CPU
		{3B8176D2-E3F5-492A-9D44-510FD26BEF9B}.Debug|Any CPU.Build.0 = Debug|Any CPU
		{3B8176D2-E3F5-492A-9D44-510FD26BEF9B}.Release|Any CPU.ActiveCfg = Release|Any CPU
		{3B8176D2-E3F5-492A-9D44-510FD26BEF9B}.Release|Any CPU.Build.0 = Release|Any CPU
		{CAB9488F-21C0-479C-9AB2-D47DABC90AF9}.Debug|Any CPU.ActiveCfg = Debug
		{CAB9488F-21C0-479C-9AB2-D47DABC90AF9}.Release|Any CPU.ActiveCfg = Release
		{A09FE75C-D66E-44E2-8976-406A6AF83A0E}.Debug|Any CPU.ActiveCfg = Debug|Any CPU
		{A09FE75C-D66E-44E2-8976-406A6AF83A0E}.Debug|Any CPU.Build.0 = Debug|Any CPU
		{A09FE75C-D66E-44E2-8976-406A6AF83A0E}.Release|Any CPU.ActiveCfg = Release|Any CPU
		{A09FE75C-D66E-44E2-8976-406A6AF83A0E}.Release|Any CPU.Build.0 = Release|Any CPU
	EndGlobalSection
	GlobalSection(SolutionProperties) = preSolution
		HideSolutionNode = FALSE
	EndGlobalSection
	GlobalSection(ExtensibilityGlobals) = postSolution
		SolutionGuid = {A639D555-93A9-4C15-AB49-3E268083DBFC}
	EndGlobalSection
EndGlobal
